{
  "lockfile_version": "1",
  "packages": {
    "pre-commit@latest": {
      "last_modified": "2025-01-11T15:21:40Z",
      "resolved": "github:NixOS/nixpkgs/590cc22eefd616c8f90608870d28afe25d37e8b8#pre-commit",
      "source": "devbox-search",
      "version": "4.0.1",
      "systems": {
        "aarch64-darwin": {
          "outputs": [
            {
              "name": "out",
              "path": "/nix/store/9cnm40lfhkykyj7bwhg5ldb1x1r4piv9-pre-commit-4.0.1",
              "default": true
            },
            {
              "name": "dist",
              "path": "/nix/store/g53lmq7ii59yh5la4ybj2i0zsc25avsd-pre-commit-4.0.1-dist"
            }
          ],
          "store_path": "/nix/store/9cnm40lfhkykyj7bwhg5ldb1x1r4piv9-pre-commit-4.0.1"
        },
        "aarch64-linux": {
          "outputs": [
            {
              "name": "out",
              "path": "/nix/store/px59mqpv8zdi65qd4a2mmbik0b0j5zac-pre-commit-4.0.1",
              "default": true
            },
            {
              "name": "dist",
              "path": "/nix/store/g9gaqwbn78yim5qsqv5vr0h6yyz1awic-pre-commit-4.0.1-dist"
            }
          ],
          "store_path": "/nix/store/px59mqpv8zdi65qd4a2mmbik0b0j5zac-pre-commit-4.0.1"
        },
        "x86_64-darwin": {
          "outputs": [
            {
              "name": "out",
              "path": "/nix/store/har8s49cv0jdikfzx5h5difq2nn3x07i-pre-commit-4.0.1",
              "default": true
            },
            {
              "name": "dist",
              "path": "/nix/store/h0s97yi6jz4lfa8sp25hjdnzgvp15k5w-pre-commit-4.0.1-dist"
            }
          ],
          "store_path": "/nix/store/har8s49cv0jdikfzx5h5difq2nn3x07i-pre-commit-4.0.1"
        },
        "x86_64-linux": {
          "outputs": [
            {
              "name": "out",
              "path": "/nix/store/p8dn88jif3gc7yjsiw50yfng125s18bw-pre-commit-4.0.1",
              "default": true
            },
            {
              "name": "dist",
              "path": "/nix/store/6rjz15w4mfz1zsf9cq16qlz38fnxh0lw-pre-commit-4.0.1-dist"
            }
          ],
          "store_path": "/nix/store/p8dn88jif3gc7yjsiw50yfng125s18bw-pre-commit-4.0.1"
        }
      }
    }
  }
}
