{
  "lockfile_version": "1",
  "packages": {
    "github:NixOS/nixpkgs/nixpkgs-unstable": {
      "last_modified": "2025-09-21T09:21:16Z",
      "resolved": "github:NixOS/nixpkgs/a1f79a1770d05af18111fbbe2a3ab2c42c0f6cd0?lastModified=1758446476"
    },
    "pre-commit@latest": {
      "last_modified": "2025-08-11T07:05:29Z",
      "resolved": "github:NixOS/nixpkgs/9585e9192aadc13ec3e49f33f8333bd3cda524df#pre-commit",
      "source": "devbox-search",
      "version": "4.2.0",
      "systems": {
        "aarch64-darwin": {
          "outputs": [
            {
              "name": "out",
              "path": "/nix/store/awyg4wwb7w117sr32zbw453yylzy1sv5-pre-commit-4.2.0",
              "default": true
            },
            {
              "name": "dist",
              "path": "/nix/store/6j8b2k8vcm8ff3fwrwpkxr2q796yqwzl-pre-commit-4.2.0-dist"
            }
          ],
          "store_path": "/nix/store/awyg4wwb7w117sr32zbw453yylzy1sv5-pre-commit-4.2.0"
        },
        "aarch64-linux": {
          "outputs": [
            {
              "name": "out",
              "path": "/nix/store/z7aiyfndjqrzk0igjdzjf2sab137083p-pre-commit-4.2.0",
              "default": true
            },
            {
              "name": "dist",
              "path": "/nix/store/mr9jivn3fc4g4ncb25ij73481ilmba4k-pre-commit-4.2.0-dist"
            }
          ],
          "store_path": "/nix/store/z7aiyfndjqrzk0igjdzjf2sab137083p-pre-commit-4.2.0"
        },
        "x86_64-darwin": {
          "outputs": [
            {
              "name": "out",
              "path": "/nix/store/mx4vjrjzfxsarwkx12ddvn18kvphsds4-pre-commit-4.2.0",
              "default": true
            },
            {
              "name": "dist",
              "path": "/nix/store/hgf3j4hj0ng2xwq71n5a8j02y6zha5gq-pre-commit-4.2.0-dist"
            }
          ],
          "store_path": "/nix/store/mx4vjrjzfxsarwkx12ddvn18kvphsds4-pre-commit-4.2.0"
        },
        "x86_64-linux": {
          "outputs": [
            {
              "name": "out",
              "path": "/nix/store/h9f0ac5z0scz7fp4p8xznw2m04xx45in-pre-commit-4.2.0",
              "default": true
            },
            {
              "name": "dist",
              "path": "/nix/store/k9svwjpac38jf5c1zlxdhvhpk3ljf57r-pre-commit-4.2.0-dist"
            }
          ],
          "store_path": "/nix/store/h9f0ac5z0scz7fp4p8xznw2m04xx45in-pre-commit-4.2.0"
        }
      }
    }
  }
}
